
Microsoft Visual Studio Solution File, Format Version 12.00
# Visual Studio Version 17
VisualStudioVersion = 17.0.31903.59
MinimumVisualStudioVersion = 10.0.40219.1
Project("{FAE04EC0-301F-11D3-BF4B-00C04F79EFBC}") = "TopDownGame", "TopDownGame\TopDownGame.csproj", "{7D76AC0F-E488-4555-BA38-FC7AE79C7FBE}"
EndProject
Global
	GlobalSection(SolutionConfigurationPlatforms) = preSolution
		Debug|Any CPU = Debug|Any CPU
		Release|Any CPU = Release|Any CPU
	EndGlobalSection
	GlobalSection(SolutionProperties) = preSolution
		HideSolutionNode = FALSE
	EndGlobalSection
	GlobalSection(ProjectConfigurationPlatforms) = postSolution
		{7D76AC0F-E488-4555-BA38-FC7AE79C7FBE}.Debug|Any CPU.ActiveCfg = Debug|Any CPU
		{7D76AC0F-E488-4555-BA38-FC7AE79C7FBE}.Debug|Any CPU.Build.0 = Debug|Any CPU
		{7D76AC0F-E488-4555-BA38-FC7AE79C7FBE}.Release|Any CPU.ActiveCfg = Release|Any CPU
		{7D76AC0F-E488-4555-BA38-FC7AE79C7FBE}.Release|Any CPU.Build.0 = Release|Any CPU
	EndGlobalSection
EndGlobal
